// !$*UTF8*$!
{
	archiveVersion = 1;
	classes = {
	};
	objectVersion = 56;
	objects = {

/* Begin PBXBuildFile section */
		833D91E92B169DFB00249714 /* WeatherModelNetwork.swift in Sources */ = {isa = PBXBuildFile; fileRef = 833D91E82B169DFB00249714 /* WeatherModelNetwork.swift */; };
		833D91EB2B16A4C200249714 /* WeatherViewModel.swift in Sources */ = {isa = PBXBuildFile; fileRef = 833D91EA2B16A4C200249714 /* WeatherViewModel.swift */; };
		833D91EE2B16A5AE00249714 /* LocationManager.swift in Sources */ = {isa = PBXBuildFile; fileRef = 833D91ED2B16A5AE00249714 /* LocationManager.swift */; };
		83553A682B1ADD78006D9797 /* WeatherCardView.swift in Sources */ = {isa = PBXBuildFile; fileRef = 83553A672B1ADD78006D9797 /* WeatherCardView.swift */; };
		836C49492B15AD5F0047F6DF /* WeatherHomeCardStack.swift in Sources */ = {isa = PBXBuildFile; fileRef = 836C49482B15AD5F0047F6DF /* WeatherHomeCardStack.swift */; };
		836C494C2B15B5700047F6DF /* DropDownButton.swift in Sources */ = {isa = PBXBuildFile; fileRef = 836C494B2B15B5700047F6DF /* DropDownButton.swift */; };
		836C494E2B15B79A0047F6DF /* DropDownMenu.swift in Sources */ = {isa = PBXBuildFile; fileRef = 836C494D2B15B79A0047F6DF /* DropDownMenu.swift */; };
		836C49502B15B89A0047F6DF /* MenuOptionView.swift in Sources */ = {isa = PBXBuildFile; fileRef = 836C494F2B15B89A0047F6DF /* MenuOptionView.swift */; };
		838BD9552B19123400078011 /* WeatherBackgroundView.swift in Sources */ = {isa = PBXBuildFile; fileRef = 838BD9542B19123400078011 /* WeatherBackgroundView.swift */; };
		838BD9572B1939DA00078011 /* SearchModel.swift in Sources */ = {isa = PBXBuildFile; fileRef = 838BD9562B1939DA00078011 /* SearchModel.swift */; };
		838BD9592B19476B00078011 /* Debouncer.swift in Sources */ = {isa = PBXBuildFile; fileRef = 838BD9582B19476B00078011 /* Debouncer.swift */; };
		83C73F482B11327E0032A40D /* WeatherCheckApp.swift in Sources */ = {isa = PBXBuildFile; fileRef = 83C73F472B11327E0032A40D /* WeatherCheckApp.swift */; };
		83C73F4A2B11327E0032A40D /* ContentView.swift in Sources */ = {isa = PBXBuildFile; fileRef = 83C73F492B11327E0032A40D /* ContentView.swift */; };
		83C73F4C2B1132800032A40D /* Assets.xcassets in Resources */ = {isa = PBXBuildFile; fileRef = 83C73F4B2B1132800032A40D /* Assets.xcassets */; };
		83C73F4F2B1132800032A40D /* Preview Assets.xcassets in Resources */ = {isa = PBXBuildFile; fileRef = 83C73F4E2B1132800032A40D /* Preview Assets.xcassets */; };
		83C73F512B1132800032A40D /* Persistence.swift in Sources */ = {isa = PBXBuildFile; fileRef = 83C73F502B1132800032A40D /* Persistence.swift */; };
		83C73F542B1132800032A40D /* WeatherCheck.xcdatamodeld in Sources */ = {isa = PBXBuildFile; fileRef = 83C73F522B1132800032A40D /* WeatherCheck.xcdatamodeld */; };
		83C73F5D2B1135580032A40D /* WeatherHomeView.swift in Sources */ = {isa = PBXBuildFile; fileRef = 83C73F5C2B1135580032A40D /* WeatherHomeView.swift */; };
		83C73F5F2B1135710032A40D /* WeatherHomeCard.swift in Sources */ = {isa = PBXBuildFile; fileRef = 83C73F5E2B1135710032A40D /* WeatherHomeCard.swift */; };
		83C73F622B1135E50032A40D /* WeatherDetailView.swift in Sources */ = {isa = PBXBuildFile; fileRef = 83C73F612B1135E50032A40D /* WeatherDetailView.swift */; };
		83C73F662B11361C0032A40D /* NetworkManager.swift in Sources */ = {isa = PBXBuildFile; fileRef = 83C73F652B11361C0032A40D /* NetworkManager.swift */; };
		83C73F692B1136D10032A40D /* WeatherSearchView.swift in Sources */ = {isa = PBXBuildFile; fileRef = 83C73F682B1136D10032A40D /* WeatherSearchView.swift */; };
		83DB4A342B23ED9800687DF2 /* WeatherCardData.swift in Sources */ = {isa = PBXBuildFile; fileRef = 83DB4A332B23ED9800687DF2 /* WeatherCardData.swift */; };
/* End PBXBuildFile section */

/* Begin PBXFileReference section */
		833D91E82B169DFB00249714 /* WeatherModelNetwork.swift */ = {isa = PBXFileReference; lastKnownFileType = sourcecode.swift; path = WeatherModelNetwork.swift; sourceTree = "<group>"; };
		833D91EA2B16A4C200249714 /* WeatherViewModel.swift */ = {isa = PBXFileReference; lastKnownFileType = sourcecode.swift; path = WeatherViewModel.swift; sourceTree = "<group>"; };
		833D91ED2B16A5AE00249714 /* LocationManager.swift */ = {isa = PBXFileReference; lastKnownFileType = sourcecode.swift; path = LocationManager.swift; sourceTree = "<group>"; };
		833D91F12B16B6DC00249714 /* Info.plist */ = {isa = PBXFileReference; lastKnownFileType = text.plist; path = Info.plist; sourceTree = "<group>"; };
		83553A672B1ADD78006D9797 /* WeatherCardView.swift */ = {isa = PBXFileReference; lastKnownFileType = sourcecode.swift; path = WeatherCardView.swift; sourceTree = "<group>"; };
		836C49482B15AD5F0047F6DF /* WeatherHomeCardStack.swift */ = {isa = PBXFileReference; lastKnownFileType = sourcecode.swift; path = WeatherHomeCardStack.swift; sourceTree = "<group>"; };
		836C494B2B15B5700047F6DF /* DropDownButton.swift */ = {isa = PBXFileReference; lastKnownFileType = sourcecode.swift; path = DropDownButton.swift; sourceTree = "<group>"; };
		836C494D2B15B79A0047F6DF /* DropDownMenu.swift */ = {isa = PBXFileReference; lastKnownFileType = sourcecode.swift; path = DropDownMenu.swift; sourceTree = "<group>"; };
		836C494F2B15B89A0047F6DF /* MenuOptionView.swift */ = {isa = PBXFileReference; lastKnownFileType = sourcecode.swift; path = MenuOptionView.swift; sourceTree = "<group>"; };
		838BD9542B19123400078011 /* WeatherBackgroundView.swift */ = {isa = PBXFileReference; lastKnownFileType = sourcecode.swift; path = WeatherBackgroundView.swift; sourceTree = "<group>"; };
		838BD9562B1939DA00078011 /* SearchModel.swift */ = {isa = PBXFileReference; lastKnownFileType = sourcecode.swift; path = SearchModel.swift; sourceTree = "<group>"; };
		838BD9582B19476B00078011 /* Debouncer.swift */ = {isa = PBXFileReference; lastKnownFileType = sourcecode.swift; path = Debouncer.swift; sourceTree = "<group>"; };
		83C73F442B11327E0032A40D /* WeatherCheck.app */ = {isa = PBXFileReference; explicitFileType = wrapper.application; includeInIndex = 0; path = WeatherCheck.app; sourceTree = BUILT_PRODUCTS_DIR; };
		83C73F472B11327E0032A40D /* WeatherCheckApp.swift */ = {isa = PBXFileReference; lastKnownFileType = sourcecode.swift; path = WeatherCheckApp.swift; sourceTree = "<group>"; };
		83C73F492B11327E0032A40D /* ContentView.swift */ = {isa = PBXFileReference; lastKnownFileType = sourcecode.swift; path = ContentView.swift; sourceTree = "<group>"; };
		83C73F4B2B1132800032A40D /* Assets.xcassets */ = {isa = PBXFileReference; lastKnownFileType = folder.assetcatalog; path = Assets.xcassets; sourceTree = "<group>"; };
		83C73F4E2B1132800032A40D /* Preview Assets.xcassets */ = {isa = PBXFileReference; lastKnownFileType = folder.assetcatalog; path = "Preview Assets.xcassets"; sourceTree = "<group>"; };
		83C73F502B1132800032A40D /* Persistence.swift */ = {isa = PBXFileReference; lastKnownFileType = sourcecode.swift; path = Persistence.swift; sourceTree = "<group>"; };
		83C73F532B1132800032A40D /* WeatherCheck.xcdatamodel */ = {isa = PBXFileReference; lastKnownFileType = wrapper.xcdatamodel; path = WeatherCheck.xcdatamodel; sourceTree = "<group>"; };
		83C73F5C2B1135580032A40D /* WeatherHomeView.swift */ = {isa = PBXFileReference; lastKnownFileType = sourcecode.swift; path = WeatherHomeView.swift; sourceTree = "<group>"; };
		83C73F5E2B1135710032A40D /* WeatherHomeCard.swift */ = {isa = PBXFileReference; lastKnownFileType = sourcecode.swift; path = WeatherHomeCard.swift; sourceTree = "<group>"; };
		83C73F612B1135E50032A40D /* WeatherDetailView.swift */ = {isa = PBXFileReference; lastKnownFileType = sourcecode.swift; path = WeatherDetailView.swift; sourceTree = "<group>"; };
		83C73F652B11361C0032A40D /* NetworkManager.swift */ = {isa = PBXFileReference; lastKnownFileType = sourcecode.swift; path = NetworkManager.swift; sourceTree = "<group>"; };
		83C73F682B1136D10032A40D /* WeatherSearchView.swift */ = {isa = PBXFileReference; lastKnownFileType = sourcecode.swift; path = WeatherSearchView.swift; sourceTree = "<group>"; };
		83DB4A332B23ED9800687DF2 /* WeatherCardData.swift */ = {isa = PBXFileReference; lastKnownFileType = sourcecode.swift; path = WeatherCardData.swift; sourceTree = "<group>"; };
/* End PBXFileReference section */

/* Begin PBXFrameworksBuildPhase section */
		83C73F412B11327E0032A40D /* Frameworks */ = {
			isa = PBXFrameworksBuildPhase;
			buildActionMask = 2147483647;
			files = (
			);
			runOnlyForDeploymentPostprocessing = 0;
		};
/* End PBXFrameworksBuildPhase section */

/* Begin PBXGroup section */
		833D91EC2B16A59800249714 /* LocationManager */ = {
			isa = PBXGroup;
			children = (
				833D91ED2B16A5AE00249714 /* LocationManager.swift */,
			);
			path = LocationManager;
			sourceTree = "<group>";
		};
		836C494A2B15B5530047F6DF /* Components  */ = {
			isa = PBXGroup;
			children = (
				838BD9582B19476B00078011 /* Debouncer.swift */,
				836C494B2B15B5700047F6DF /* DropDownButton.swift */,
				836C494D2B15B79A0047F6DF /* DropDownMenu.swift */,
				836C494F2B15B89A0047F6DF /* MenuOptionView.swift */,
				838BD9542B19123400078011 /* WeatherBackgroundView.swift */,
			);
			path = "Components ";
			sourceTree = "<group>";
		};
		83C73F3B2B11327E0032A40D = {
			isa = PBXGroup;
			children = (
				83C73F462B11327E0032A40D /* WeatherCheck */,
				83C73F452B11327E0032A40D /* Products */,
			);
			sourceTree = "<group>";
		};
		83C73F452B11327E0032A40D /* Products */ = {
			isa = PBXGroup;
			children = (
				83C73F442B11327E0032A40D /* WeatherCheck.app */,
			);
			name = Products;
			sourceTree = "<group>";
		};
		83C73F462B11327E0032A40D /* WeatherCheck */ = {
			isa = PBXGroup;
			children = (
				833D91F12B16B6DC00249714 /* Info.plist */,
				83C73F472B11327E0032A40D /* WeatherCheckApp.swift */,
				83C73F632B1135F70032A40D /* Model */,
				83C73F5A2B1134CD0032A40D /* WeatherViews */,
				83C73F4B2B1132800032A40D /* Assets.xcassets */,
				83C73F502B1132800032A40D /* Persistence.swift */,
				83C73F522B1132800032A40D /* WeatherCheck.xcdatamodeld */,
				83C73F4D2B1132800032A40D /* Preview Content */,
			);
			path = WeatherCheck;
			sourceTree = "<group>";
		};
		83C73F4D2B1132800032A40D /* Preview Content */ = {
			isa = PBXGroup;
			children = (
				83C73F4E2B1132800032A40D /* Preview Assets.xcassets */,
			);
			path = "Preview Content";
			sourceTree = "<group>";
		};
		83C73F5A2B1134CD0032A40D /* WeatherViews */ = {
			isa = PBXGroup;
			children = (
				83C73F492B11327E0032A40D /* ContentView.swift */,
				83C73F602B1135C00032A40D /* WeatherDetailsViews */,
				836C494A2B15B5530047F6DF /* Components  */,
				83C73F5B2B1135340032A40D /* Home */,
			);
			path = WeatherViews;
			sourceTree = "<group>";
		};
		83C73F5B2B1135340032A40D /* Home */ = {
			isa = PBXGroup;
			children = (
				83C73F5C2B1135580032A40D /* WeatherHomeView.swift */,
				83C73F5E2B1135710032A40D /* WeatherHomeCard.swift */,
				83C73F682B1136D10032A40D /* WeatherSearchView.swift */,
				836C49482B15AD5F0047F6DF /* WeatherHomeCardStack.swift */,
				83553A672B1ADD78006D9797 /* WeatherCardView.swift */,
			);
			path = Home;
			sourceTree = "<group>";
		};
		83C73F602B1135C00032A40D /* WeatherDetailsViews */ = {
			isa = PBXGroup;
			children = (
				83C73F612B1135E50032A40D /* WeatherDetailView.swift */,
			);
			path = WeatherDetailsViews;
			sourceTree = "<group>";
		};
		83C73F632B1135F70032A40D /* Model */ = {
			isa = PBXGroup;
			children = (
				833D91EC2B16A59800249714 /* LocationManager */,
				83C73F672B11363F0032A40D /* WeatherViewModel */,
				83C73F642B1135FF0032A40D /* NetworkManager */,
			);
			path = Model;
			sourceTree = "<group>";
		};
		83C73F642B1135FF0032A40D /* NetworkManager */ = {
			isa = PBXGroup;
			children = (
				83C73F652B11361C0032A40D /* NetworkManager.swift */,
				833D91E82B169DFB00249714 /* WeatherModelNetwork.swift */,
				838BD9562B1939DA00078011 /* SearchModel.swift */,
			);
			path = NetworkManager;
			sourceTree = "<group>";
		};
		83C73F672B11363F0032A40D /* WeatherViewModel */ = {
			isa = PBXGroup;
			children = (
				833D91EA2B16A4C200249714 /* WeatherViewModel.swift */,
				83DB4A332B23ED9800687DF2 /* WeatherCardData.swift */,
			);
			path = WeatherViewModel;
			sourceTree = "<group>";
		};
/* End PBXGroup section */

/* Begin PBXNativeTarget section */
		83C73F432B11327E0032A40D /* WeatherCheck */ = {
			isa = PBXNativeTarget;
			buildConfigurationList = 83C73F572B1132800032A40D /* Build configuration list for PBXNativeTarget "WeatherCheck" */;
			buildPhases = (
				83C73F402B11327E0032A40D /* Sources */,
				83C73F412B11327E0032A40D /* Frameworks */,
				83C73F422B11327E0032A40D /* Resources */,
			);
			buildRules = (
			);
			dependencies = (
			);
			name = WeatherCheck;
			productName = WeatherCheck;
			productReference = 83C73F442B11327E0032A40D /* WeatherCheck.app */;
			productType = "com.apple.product-type.application";
		};
/* End PBXNativeTarget section */

/* Begin PBXProject section */
		83C73F3C2B11327E0032A40D /* Project object */ = {
			isa = PBXProject;
			attributes = {
				BuildIndependentTargetsInParallel = 1;
				LastSwiftUpdateCheck = 1430;
				LastUpgradeCheck = 1430;
				TargetAttributes = {
					83C73F432B11327E0032A40D = {
						CreatedOnToolsVersion = 14.3.1;
					};
				};
			};
			buildConfigurationList = 83C73F3F2B11327E0032A40D /* Build configuration list for PBXProject "WeatherCheck" */;
			compatibilityVersion = "Xcode 14.0";
			developmentRegion = en;
			hasScannedForEncodings = 0;
			knownRegions = (
				en,
				Base,
			);
			mainGroup = 83C73F3B2B11327E0032A40D;
			productRefGroup = 83C73F452B11327E0032A40D /* Products */;
			projectDirPath = "";
			projectRoot = "";
			targets = (
				83C73F432B11327E0032A40D /* WeatherCheck */,
			);
		};
/* End PBXProject section */

/* Begin PBXResourcesBuildPhase section */
		83C73F422B11327E0032A40D /* Resources */ = {
			isa = PBXResourcesBuildPhase;
			buildActionMask = 2147483647;
			files = (
				83C73F4F2B1132800032A40D /* Preview Assets.xcassets in Resources */,
				83C73F4C2B1132800032A40D /* Assets.xcassets in Resources */,
			);
			runOnlyForDeploymentPostprocessing = 0;
		};
/* End PBXResourcesBuildPhase section */

/* Begin PBXSourcesBuildPhase section */
		83C73F402B11327E0032A40D /* Sources */ = {
			isa = PBXSourcesBuildPhase;
			buildActionMask = 2147483647;
			files = (
				83C73F512B1132800032A40D /* Persistence.swift in Sources */,
				83C73F4A2B11327E0032A40D /* ContentView.swift in Sources */,
				83DB4A342B23ED9800687DF2 /* WeatherCardData.swift in Sources */,
				838BD9592B19476B00078011 /* Debouncer.swift in Sources */,
				836C494C2B15B5700047F6DF /* DropDownButton.swift in Sources */,
				83C73F5F2B1135710032A40D /* WeatherHomeCard.swift in Sources */,
				833D91EE2B16A5AE00249714 /* LocationManager.swift in Sources */,
				83C73F482B11327E0032A40D /* WeatherCheckApp.swift in Sources */,
				838BD9572B1939DA00078011 /* SearchModel.swift in Sources */,
				83C73F662B11361C0032A40D /* NetworkManager.swift in Sources */,
				83553A682B1ADD78006D9797 /* WeatherCardView.swift in Sources */,
				83C73F692B1136D10032A40D /* WeatherSearchView.swift in Sources */,
				833D91E92B169DFB00249714 /* WeatherModelNetwork.swift in Sources */,
				83C73F622B1135E50032A40D /* WeatherDetailView.swift in Sources */,
				83C73F5D2B1135580032A40D /* WeatherHomeView.swift in Sources */,
				833D91EB2B16A4C200249714 /* WeatherViewModel.swift in Sources */,
				836C49492B15AD5F0047F6DF /* WeatherHomeCardStack.swift in Sources */,
				83C73F542B1132800032A40D /* WeatherCheck.xcdatamodeld in Sources */,
				836C49502B15B89A0047F6DF /* MenuOptionView.swift in Sources */,
				836C494E2B15B79A0047F6DF /* DropDownMenu.swift in Sources */,
				838BD9552B19123400078011 /* WeatherBackgroundView.swift in Sources */,
			);
			runOnlyForDeploymentPostprocessing = 0;
		};
/* End PBXSourcesBuildPhase section */

/* Begin XCBuildConfiguration section */
		83C73F552B1132800032A40D /* Debug */ = {
			isa = XCBuildConfiguration;
			buildSettings = {
				ALWAYS_SEARCH_USER_PATHS = NO;
				CLANG_ANALYZER_NONNULL = YES;
				CLANG_ANALYZER_NUMBER_OBJECT_CONVERSION = YES_AGGRESSIVE;
				CLANG_CXX_LANGUAGE_STANDARD = "gnu++20";
				CLANG_ENABLE_MODULES = YES;
				CLANG_ENABLE_OBJC_ARC = YES;
				CLANG_ENABLE_OBJC_WEAK = YES;
				CLANG_WARN_BLOCK_CAPTURE_AUTORELEASING = YES;
				CLANG_WARN_BOOL_CONVERSION = YES;
				CLANG_WARN_COMMA = YES;
				CLANG_WARN_CONSTANT_CONVERSION = YES;
				CLANG_WARN_DEPRECATED_OBJC_IMPLEMENTATIONS = YES;
				CLANG_WARN_DIRECT_OBJC_ISA_USAGE = YES_ERROR;
				CLANG_WARN_DOCUMENTATION_COMMENTS = YES;
				CLANG_WARN_EMPTY_BODY = YES;
				CLANG_WARN_ENUM_CONVERSION = YES;
				CLANG_WARN_INFINITE_RECURSION = YES;
				CLANG_WARN_INT_CONVERSION = YES;
				CLANG_WARN_NON_LITERAL_NULL_CONVERSION = YES;
				CLANG_WARN_OBJC_IMPLICIT_RETAIN_SELF = YES;
				CLANG_WARN_OBJC_LITERAL_CONVERSION = YES;
				CLANG_WARN_OBJC_ROOT_CLASS = YES_ERROR;
				CLANG_WARN_QUOTED_INCLUDE_IN_FRAMEWORK_HEADER = YES;
				CLANG_WARN_RANGE_LOOP_ANALYSIS = YES;
				CLANG_WARN_STRICT_PROTOTYPES = YES;
				CLANG_WARN_SUSPICIOUS_MOVE = YES;
				CLANG_WARN_UNGUARDED_AVAILABILITY = YES_AGGRESSIVE;
				CLANG_WARN_UNREACHABLE_CODE = YES;
				CLANG_WARN__DUPLICATE_METHOD_MATCH = YES;
				COPY_PHASE_STRIP = NO;
				DEBUG_INFORMATION_FORMAT = dwarf;
				ENABLE_STRICT_OBJC_MSGSEND = YES;
				ENABLE_TESTABILITY = YES;
				GCC_C_LANGUAGE_STANDARD = gnu11;
				GCC_DYNAMIC_NO_PIC = NO;
				GCC_NO_COMMON_BLOCKS = YES;
				GCC_OPTIMIZATION_LEVEL = 0;
				GCC_PREPROCESSOR_DEFINITIONS = (
					"DEBUG=1",
					"$(inherited)",
				);
				GCC_WARN_64_TO_32_BIT_CONVERSION = YES;
				GCC_WARN_ABOUT_RETURN_TYPE = YES_ERROR;
				GCC_WARN_UNDECLARED_SELECTOR = YES;
				GCC_WARN_UNINITIALIZED_AUTOS = YES_AGGRESSIVE;
				GCC_WARN_UNUSED_FUNCTION = YES;
				GCC_WARN_UNUSED_VARIABLE = YES;
				IPHONEOS_DEPLOYMENT_TARGET = 16.4;
				MTL_ENABLE_DEBUG_INFO = INCLUDE_SOURCE;
				MTL_FAST_MATH = YES;
				ONLY_ACTIVE_ARCH = YES;
				SDKROOT = iphoneos;
				SWIFT_ACTIVE_COMPILATION_CONDITIONS = DEBUG;
				SWIFT_OPTIMIZATION_LEVEL = "-Onone";
			};
			name = Debug;
		};
		83C73F562B1132800032A40D /* Release */ = {
			isa = XCBuildConfiguration;
			buildSettings = {
				ALWAYS_SEARCH_USER_PATHS = NO;
				CLANG_ANALYZER_NONNULL = YES;
				CLANG_ANALYZER_NUMBER_OBJECT_CONVERSION = YES_AGGRESSIVE;
				CLANG_CXX_LANGUAGE_STANDARD = "gnu++20";
				CLANG_ENABLE_MODULES = YES;
				CLANG_ENABLE_OBJC_ARC = YES;
				CLANG_ENABLE_OBJC_WEAK = YES;
				CLANG_WARN_BLOCK_CAPTURE_AUTORELEASING = YES;
				CLANG_WARN_BOOL_CONVERSION = YES;
				CLANG_WARN_COMMA = YES;
				CLANG_WARN_CONSTANT_CONVERSION = YES;
				CLANG_WARN_DEPRECATED_OBJC_IMPLEMENTATIONS = YES;
				CLANG_WARN_DIRECT_OBJC_ISA_USAGE = YES_ERROR;
				CLANG_WARN_DOCUMENTATION_COMMENTS = YES;
				CLANG_WARN_EMPTY_BODY = YES;
				CLANG_WARN_ENUM_CONVERSION = YES;
				CLANG_WARN_INFINITE_RECURSION = YES;
				CLANG_WARN_INT_CONVERSION = YES;
				CLANG_WARN_NON_LITERAL_NULL_CONVERSION = YES;
				CLANG_WARN_OBJC_IMPLICIT_RETAIN_SELF = YES;
				CLANG_WARN_OBJC_LITERAL_CONVERSION = YES;
				CLANG_WARN_OBJC_ROOT_CLASS = YES_ERROR;
				CLANG_WARN_QUOTED_INCLUDE_IN_FRAMEWORK_HEADER = YES;
				CLANG_WARN_RANGE_LOOP_ANALYSIS = YES;
				CLANG_WARN_STRICT_PROTOTYPES = YES;
				CLANG_WARN_SUSPICIOUS_MOVE = YES;
				CLANG_WARN_UNGUARDED_AVAILABILITY = YES_AGGRESSIVE;
				CLANG_WARN_UNREACHABLE_CODE = YES;
				CLANG_WARN__DUPLICATE_METHOD_MATCH = YES;
				COPY_PHASE_STRIP = NO;
				DEBUG_INFORMATION_FORMAT = "dwarf-with-dsym";
				ENABLE_NS_ASSERTIONS = NO;
				ENABLE_STRICT_OBJC_MSGSEND = YES;
				GCC_C_LANGUAGE_STANDARD = gnu11;
				GCC_NO_COMMON_BLOCKS = YES;
				GCC_WARN_64_TO_32_BIT_CONVERSION = YES;
				GCC_WARN_ABOUT_RETURN_TYPE = YES_ERROR;
				GCC_WARN_UNDECLARED_SELECTOR = YES;
				GCC_WARN_UNINITIALIZED_AUTOS = YES_AGGRESSIVE;
				GCC_WARN_UNUSED_FUNCTION = YES;
				GCC_WARN_UNUSED_VARIABLE = YES;
				IPHONEOS_DEPLOYMENT_TARGET = 16.4;
				MTL_ENABLE_DEBUG_INFO = NO;
				MTL_FAST_MATH = YES;
				SDKROOT = iphoneos;
				SWIFT_COMPILATION_MODE = wholemodule;
				SWIFT_OPTIMIZATION_LEVEL = "-O";
				VALIDATE_PRODUCT = YES;
			};
			name = Release;
		};
		83C73F582B1132800032A40D /* Debug */ = {
			isa = XCBuildConfiguration;
			buildSettings = {
				ASSETCATALOG_COMPILER_APPICON_NAME = AppIcon;
				ASSETCATALOG_COMPILER_GLOBAL_ACCENT_COLOR_NAME = AccentColor;
				CODE_SIGN_STYLE = Automatic;
				CURRENT_PROJECT_VERSION = 1;
				DEVELOPMENT_ASSET_PATHS = "\"WeatherCheck/Preview Content\"";
				DEVELOPMENT_TEAM = VF9Z9M3349;
				ENABLE_PREVIEWS = YES;
				GENERATE_INFOPLIST_FILE = YES;
				INFOPLIST_FILE = WeatherCheck/Info.plist;
				INFOPLIST_KEY_NSLocationWhenInUseUsageDescription = "We need your location to provide weather updates for your area.";
				INFOPLIST_KEY_UIApplicationSceneManifest_Generation = YES;
				INFOPLIST_KEY_UIApplicationSupportsIndirectInputEvents = YES;
				INFOPLIST_KEY_UILaunchScreen_Generation = YES;
				INFOPLIST_KEY_UISupportedInterfaceOrientations_iPad = "UIInterfaceOrientationPortrait UIInterfaceOrientationPortraitUpsideDown UIInterfaceOrientationLandscapeLeft UIInterfaceOrientationLandscapeRight";
				INFOPLIST_KEY_UISupportedInterfaceOrientations_iPhone = "UIInterfaceOrientationPortrait UIInterfaceOrientationLandscapeLeft UIInterfaceOrientationLandscapeRight";
				LD_RUNPATH_SEARCH_PATHS = (
					"$(inherited)",
					"@executable_path/Frameworks",
				);
				MARKETING_VERSION = 1.0;
				PRODUCT_BUNDLE_IDENTIFIER = com.modamorioluwayomi.WeatherCheck;
				PRODUCT_NAME = "$(TARGET_NAME)";
				SWIFT_EMIT_LOC_STRINGS = YES;
				SWIFT_VERSION = 5.0;
				TARGETED_DEVICE_FAMILY = "1,2";
			};
			name = Debug;
		};
		83C73F592B1132800032A40D /* Release */ = {
			isa = XCBuildConfiguration;
			buildSettings = {
				ASSETCATALOG_COMPILER_APPICON_NAME = AppIcon;
				ASSETCATALOG_COMPILER_GLOBAL_ACCENT_COLOR_NAME = AccentColor;
				CODE_SIGN_STYLE = Automatic;
				CURRENT_PROJECT_VERSION = 1;
				DEVELOPMENT_ASSET_PATHS = "\"WeatherCheck/Preview Content\"";
				DEVELOPMENT_TEAM = VF9Z9M3349;
				ENABLE_PREVIEWS = YES;
				GENERATE_INFOPLIST_FILE = YES;
				INFOPLIST_FILE = WeatherCheck/Info.plist;
				INFOPLIST_KEY_NSLocationWhenInUseUsageDescription = "We need your location to provide weather updates for your area.";
				INFOPLIST_KEY_UIApplicationSceneManifest_Generation = YES;
				INFOPLIST_KEY_UIApplicationSupportsIndirectInputEvents = YES;
				INFOPLIST_KEY_UILaunchScreen_Generation = YES;
				INFOPLIST_KEY_UISupportedInterfaceOrientations_iPad = "UIInterfaceOrientationPortrait UIInterfaceOrientationPortraitUpsideDown UIInterfaceOrientationLandscapeLeft UIInterfaceOrientationLandscapeRight";
				INFOPLIST_KEY_UISupportedInterfaceOrientations_iPhone = "UIInterfaceOrientationPortrait UIInterfaceOrientationLandscapeLeft UIInterfaceOrientationLandscapeRight";
				LD_RUNPATH_SEARCH_PATHS = (
					"$(inherited)",
					"@executable_path/Frameworks",
				);
				MARKETING_VERSION = 1.0;
				PRODUCT_BUNDLE_IDENTIFIER = com.modamorioluwayomi.WeatherCheck;
				PRODUCT_NAME = "$(TARGET_NAME)";
				SWIFT_EMIT_LOC_STRINGS = YES;
				SWIFT_VERSION = 5.0;
				TARGETED_DEVICE_FAMILY = "1,2";
			};
			name = Release;
		};
/* End XCBuildConfiguration section */

/* Begin XCConfigurationList section */
		83C73F3F2B11327E0032A40D /* Build configuration list for PBXProject "WeatherCheck" */ = {
			isa = XCConfigurationList;
			buildConfigurations = (
				83C73F552B1132800032A40D /* Debug */,
				83C73F562B1132800032A40D /* Release */,
			);
			defaultConfigurationIsVisible = 0;
			defaultConfigurationName = Release;
		};
		83C73F572B1132800032A40D /* Build configuration list for PBXNativeTarget "WeatherCheck" */ = {
			isa = XCConfigurationList;
			buildConfigurations = (
				83C73F582B1132800032A40D /* Debug */,
				83C73F592B1132800032A40D /* Release */,
			);
			defaultConfigurationIsVisible = 0;
			defaultConfigurationName = Release;
		};
/* End XCConfigurationList section */

/* Begin XCVersionGroup section */
		83C73F522B1132800032A40D /* WeatherCheck.xcdatamodeld */ = {
			isa = XCVersionGroup;
			children = (
				83C73F532B1132800032A40D /* WeatherCheck.xcdatamodel */,
			);
			currentVersion = 83C73F532B1132800032A40D /* WeatherCheck.xcdatamodel */;
			path = WeatherCheck.xcdatamodeld;
			sourceTree = "<group>";
			versionGroupType = wrapper.xcdatamodel;
		};
/* End XCVersionGroup section */
	};
	rootObject = 83C73F3C2B11327E0032A40D /* Project object */;
}
